# This file is autogenerated, do not edit; changes may be undone by the next 'dep ensure'.


[[projects]]
  branch = "master"
  name = "code.cloudfoundry.org/go-batching"
  packages = ["."]
  revision = "924d2a9b48ace7c3377be6276499f90c71891920"

[[projects]]
  branch = "master"
  name = "code.cloudfoundry.org/go-diodes"
  packages = ["."]
  revision = "361f4b34988b402fbf4d5b744cc9b35959c2ac4e"

[[projects]]
  branch = "master"
  name = "code.cloudfoundry.org/go-loggregator"
  packages = ["rpc/loggregator_v2"]
  revision = "cbf81526f28b1f47d060d0610c6529411d1d4673"

[[projects]]
  branch = "master"
  name = "code.cloudfoundry.org/grpc-throughputlb"
  packages = ["."]
  revision = "e9fc56de46577f3d1f4501fc2c6e7f06202608d8"

[[projects]]
  branch = "master"
  name = "code.cloudfoundry.org/loggregator"
  packages = [
    "diodes",
    "metricemitter",
    "plumbing",
    "plumbing/conversion",
    "router/internal/server/v1"
  ]
  revision = "a7e9169793dfe5b0e9af56287af81e182736335b"

[[projects]]
  branch = "master"
  name = "github.com/cloudfoundry/dropsonde"
  packages = [
    ".",
    "emitter",
    "envelope_sender",
    "envelopes",
    "factories",
    "instrumented_handler",
    "instrumented_round_tripper",
    "log_sender",
    "logs",
    "metric_sender",
    "metricbatcher",
    "metrics",
    "runtime_stats"
  ]
  revision = "566965a4f337c6c72c0bc7f0854c564001bab69e"

[[projects]]
  branch = "master"
  name = "github.com/cloudfoundry/sonde-go"
  packages = ["events"]
  revision = "b33733203bb48d7c56de7cb639d77f78b0449d19"

[[projects]]
  branch = "master"
  name = "github.com/gogo/protobuf"
  packages = [
    "gogoproto",
    "proto",
    "protoc-gen-gogo/descriptor"
  ]
  revision = "b75782e777cfa7ca469bc46cc313ddd26e6e9d1c"

[[projects]]
  name = "github.com/golang/protobuf"
  packages = [
    "proto",
    "ptypes",
    "ptypes/any",
    "ptypes/duration",
    "ptypes/timestamp"
  ]
  revision = "925541529c1fa6821df4e44ce2723319eb2be768"
  version = "v1.0.0"

[[projects]]
  branch = "master"
  name = "github.com/mailru/easyjson"
  packages = [
    ".",
    "buffer",
    "jlexer",
    "jwriter"
  ]
  revision = "32fa128f234d041f196a9f3e0fea5ac9772c08e1"

[[projects]]
  branch = "master"
  name = "github.com/nu7hatch/gouuid"
  packages = ["."]
  revision = "179d4d0c4d8d407a32af483c2354df1d2c91e6c3"

[[projects]]
  branch = "master"
  name = "golang.org/x/net"
  packages = [
    "context",
    "http2",
    "http2/hpack",
    "idna",
    "internal/timeseries",
    "lex/httplex",
    "trace"
  ]
  revision = "cbe0f9307d0156177f9dd5dc85da1a31abc5f2fb"

[[projects]]
  name = "golang.org/x/text"
  packages = [
    "collate",
    "collate/build",
    "internal/colltab",
    "internal/gen",
    "internal/tag",
    "internal/triegen",
    "internal/ucd",
    "language",
    "secure/bidirule",
    "transform",
    "unicode/bidi",
    "unicode/cldr",
    "unicode/norm",
    "unicode/rangetable"
  ]
  revision = "f21a4dfb5e38f5895301dc265a8def02365cc3d0"
  version = "v0.3.0"

[[projects]]
  branch = "master"
  name = "google.golang.org/genproto"
  packages = ["googleapis/rpc/status"]
  revision = "2b5a72b8730b0b16380010cfe5286c42108d88e7"

[[projects]]
  name = "google.golang.org/grpc"
  packages = [
    ".",
    "balancer",
    "balancer/base",
    "balancer/roundrobin",
    "codes",
    "connectivity",
    "credentials",
    "encoding",
    "encoding/proto",
    "grpclb/grpc_lb_v1/messages",
    "grpclog",
    "internal",
    "keepalive",
    "metadata",
    "naming",
    "peer",
    "resolver",
    "resolver/dns",
    "resolver/passthrough",
    "stats",
    "status",
    "tap",
    "transport"
  ]
  revision = "8e4536a86ab602859c20df5ebfd0bd4228d08655"
  version = "v1.10.0"

[solve-meta]
  analyzer-name = "dep"
  analyzer-version = 1
  inputs-digest = "687c309b124b050a36ed91dd31cde2a03216808e9cbc44bec6a5fe33089cc8b7"
  solver-name = "gps-cdcl"
  solver-version = 1
